// !$*UTF8*$!
{
	archiveVersion = 1;
	classes = {
	};
	objectVersion = 55;
	objects = {

/* Begin PBXBuildFile section */
		042B78FE298ED56C006280E8 /* SenderCell.swift in Sources */ = {isa = PBXBuildFile; fileRef = 042B78FC298ED56C006280E8 /* SenderCell.swift */; };
		042B78FF298ED56C006280E8 /* SenderCell.xib in Resources */ = {isa = PBXBuildFile; fileRef = 042B78FD298ED56C006280E8 /* SenderCell.xib */; };
		042B7902298ED581006280E8 /* ReceiverCell.swift in Sources */ = {isa = PBXBuildFile; fileRef = 042B7900298ED581006280E8 /* ReceiverCell.swift */; };
		042B7903298ED581006280E8 /* ReceiverCell.xib in Resources */ = {isa = PBXBuildFile; fileRef = 042B7901298ED581006280E8 /* ReceiverCell.xib */; };
		043D5C07298FB3500098B2D7 /* BubbleView.swift in Sources */ = {isa = PBXBuildFile; fileRef = 043D5C06298FB3500098B2D7 /* BubbleView.swift */; };
		043D5C0B298FD2F90098B2D7 /* sender.mp3 in Resources */ = {isa = PBXBuildFile; fileRef = 043D5C09298FD2F90098B2D7 /* sender.mp3 */; };
		043D5C0C298FD2F90098B2D7 /* receiver.mp3 in Resources */ = {isa = PBXBuildFile; fileRef = 043D5C0A298FD2F90098B2D7 /* receiver.mp3 */; };
		0486C2BB298DA85C00527770 /* AppDelegate.swift in Sources */ = {isa = PBXBuildFile; fileRef = 0486C2BA298DA85C00527770 /* AppDelegate.swift */; };
		0486C2BD298DA85C00527770 /* SceneDelegate.swift in Sources */ = {isa = PBXBuildFile; fileRef = 0486C2BC298DA85C00527770 /* SceneDelegate.swift */; };
		0486C2BF298DA85C00527770 /* ViewController.swift in Sources */ = {isa = PBXBuildFile; fileRef = 0486C2BE298DA85C00527770 /* ViewController.swift */; };
		0486C2C2298DA85C00527770 /* Main.storyboard in Resources */ = {isa = PBXBuildFile; fileRef = 0486C2C0298DA85C00527770 /* Main.storyboard */; };
		0486C2C5298DA85C00527770 /* ChatBoatSwiftAI.xcdatamodeld in Sources */ = {isa = PBXBuildFile; fileRef = 0486C2C3298DA85C00527770 /* ChatBoatSwiftAI.xcdatamodeld */; };
		0486C2C7298DA85D00527770 /* Assets.xcassets in Resources */ = {isa = PBXBuildFile; fileRef = 0486C2C6298DA85D00527770 /* Assets.xcassets */; };
		0486C2CA298DA85D00527770 /* LaunchScreen.storyboard in Resources */ = {isa = PBXBuildFile; fileRef = 0486C2C8298DA85D00527770 /* LaunchScreen.storyboard */; };
		0486C2D5298DA85D00527770 /* ChatBoatSwiftAITests.swift in Sources */ = {isa = PBXBuildFile; fileRef = 0486C2D4298DA85D00527770 /* ChatBoatSwiftAITests.swift */; };
		0486C2DF298DA85D00527770 /* ChatBoatSwiftAIUITests.swift in Sources */ = {isa = PBXBuildFile; fileRef = 0486C2DE298DA85D00527770 /* ChatBoatSwiftAIUITests.swift */; };
		0486C2E1298DA85D00527770 /* ChatBoatSwiftAIUITestsLaunchTests.swift in Sources */ = {isa = PBXBuildFile; fileRef = 0486C2E0298DA85D00527770 /* ChatBoatSwiftAIUITestsLaunchTests.swift */; };
		0486C2EF298DA89B00527770 /* Alamofire in Frameworks */ = {isa = PBXBuildFile; productRef = 0486C2EE298DA89B00527770 /* Alamofire */; };
		0486C2F1298DA8C900527770 /* NetworkManager.swift in Sources */ = {isa = PBXBuildFile; fileRef = 0486C2F0298DA8C900527770 /* NetworkManager.swift */; };
		0486C2F3298DA8F600527770 /* ChatBoatDataModel.swift in Sources */ = {isa = PBXBuildFile; fileRef = 0486C2F2298DA8F600527770 /* ChatBoatDataModel.swift */; };
		04FF93A8299425C8004D46A3 /* ChatBoatViewModel.swift in Sources */ = {isa = PBXBuildFile; fileRef = 04FF93A7299425C8004D46A3 /* ChatBoatViewModel.swift */; };
		3E5FCBCFF835DD394F442859 /* Pods_ChatBoatSwiftAI.framework in Frameworks */ = {isa = PBXBuildFile; fileRef = 8E87178F259D4C0C575B3CFB /* Pods_ChatBoatSwiftAI.framework */; };
		62A86154F55CA668B02550A2 /* Pods_ChatBoatSwiftAI_ChatBoatSwiftAIUITests.framework in Frameworks */ = {isa = PBXBuildFile; fileRef = BEED115299F886AA2B3E067E /* Pods_ChatBoatSwiftAI_ChatBoatSwiftAIUITests.framework */; };
		712F058529D3223800A62492 /* PrivateData.swift in Sources */ = {isa = PBXBuildFile; fileRef = 712F058429D3223800A62492 /* PrivateData.swift */; };
		712F058829D328FF00A62492 /* CustomTextView.swift in Sources */ = {isa = PBXBuildFile; fileRef = 712F058729D328FF00A62492 /* CustomTextView.swift */; };
		712F058B29D32DAD00A62492 /* CustomButton.swift in Sources */ = {isa = PBXBuildFile; fileRef = 712F058A29D32DAD00A62492 /* CustomButton.swift */; };
		71AC9F8C29D592B200287721 /* DotAnimationCell.swift in Sources */ = {isa = PBXBuildFile; fileRef = 71AC9F8A29D592B200287721 /* DotAnimationCell.swift */; };
		71AC9F8D29D592B200287721 /* DotAnimationCell.xib in Resources */ = {isa = PBXBuildFile; fileRef = 71AC9F8B29D592B200287721 /* DotAnimationCell.xib */; };
		DB2908D0311888D1227FEC45 /* Pods_ChatBoatSwiftAITests.framework in Frameworks */ = {isa = PBXBuildFile; fileRef = C99419B489EF28AC8A599DF3 /* Pods_ChatBoatSwiftAITests.framework */; };
/* End PBXBuildFile section */

/* Begin PBXContainerItemProxy section */
		0486C2D1298DA85D00527770 /* PBXContainerItemProxy */ = {
			isa = PBXContainerItemProxy;
			containerPortal = 0486C2AF298DA85B00527770 /* Project object */;
			proxyType = 1;
			remoteGlobalIDString = 0486C2B6298DA85C00527770;
			remoteInfo = ChatBoatSwiftAI;
		};
		0486C2DB298DA85D00527770 /* PBXContainerItemProxy */ = {
			isa = PBXContainerItemProxy;
			containerPortal = 0486C2AF298DA85B00527770 /* Project object */;
			proxyType = 1;
			remoteGlobalIDString = 0486C2B6298DA85C00527770;
			remoteInfo = ChatBoatSwiftAI;
		};
/* End PBXContainerItemProxy section */

/* Begin PBXFileReference section */
		042B78FC298ED56C006280E8 /* SenderCell.swift */ = {isa = PBXFileReference; lastKnownFileType = sourcecode.swift; path = SenderCell.swift; sourceTree = "<group>"; };
		042B78FD298ED56C006280E8 /* SenderCell.xib */ = {isa = PBXFileReference; lastKnownFileType = file.xib; path = SenderCell.xib; sourceTree = "<group>"; };
		042B7900298ED581006280E8 /* ReceiverCell.swift */ = {isa = PBXFileReference; lastKnownFileType = sourcecode.swift; path = ReceiverCell.swift; sourceTree = "<group>"; };
		042B7901298ED581006280E8 /* ReceiverCell.xib */ = {isa = PBXFileReference; lastKnownFileType = file.xib; path = ReceiverCell.xib; sourceTree = "<group>"; };
		043D5C06298FB3500098B2D7 /* BubbleView.swift */ = {isa = PBXFileReference; lastKnownFileType = sourcecode.swift; path = BubbleView.swift; sourceTree = "<group>"; };
		043D5C09298FD2F90098B2D7 /* sender.mp3 */ = {isa = PBXFileReference; lastKnownFileType = audio.mp3; path = sender.mp3; sourceTree = "<group>"; };
		043D5C0A298FD2F90098B2D7 /* receiver.mp3 */ = {isa = PBXFileReference; lastKnownFileType = audio.mp3; path = receiver.mp3; sourceTree = "<group>"; };
		0486C2B7298DA85C00527770 /* ChatBoatSwiftAI.app */ = {isa = PBXFileReference; explicitFileType = wrapper.application; includeInIndex = 0; path = ChatBoatSwiftAI.app; sourceTree = BUILT_PRODUCTS_DIR; };
		0486C2BA298DA85C00527770 /* AppDelegate.swift */ = {isa = PBXFileReference; lastKnownFileType = sourcecode.swift; path = AppDelegate.swift; sourceTree = "<group>"; };
		0486C2BC298DA85C00527770 /* SceneDelegate.swift */ = {isa = PBXFileReference; lastKnownFileType = sourcecode.swift; path = SceneDelegate.swift; sourceTree = "<group>"; };
		0486C2BE298DA85C00527770 /* ViewController.swift */ = {isa = PBXFileReference; lastKnownFileType = sourcecode.swift; path = ViewController.swift; sourceTree = "<group>"; };
		0486C2C1298DA85C00527770 /* Base */ = {isa = PBXFileReference; lastKnownFileType = file.storyboard; name = Base; path = Base.lproj/Main.storyboard; sourceTree = "<group>"; };
		0486C2C4298DA85C00527770 /* ChatBoatSwiftAI.xcdatamodel */ = {isa = PBXFileReference; lastKnownFileType = wrapper.xcdatamodel; path = ChatBoatSwiftAI.xcdatamodel; sourceTree = "<group>"; };
		0486C2C6298DA85D00527770 /* Assets.xcassets */ = {isa = PBXFileReference; lastKnownFileType = folder.assetcatalog; path = Assets.xcassets; sourceTree = "<group>"; };
		0486C2C9298DA85D00527770 /* Base */ = {isa = PBXFileReference; lastKnownFileType = file.storyboard; name = Base; path = Base.lproj/LaunchScreen.storyboard; sourceTree = "<group>"; };
		0486C2CB298DA85D00527770 /* Info.plist */ = {isa = PBXFileReference; lastKnownFileType = text.plist.xml; path = Info.plist; sourceTree = "<group>"; };
		0486C2D0298DA85D00527770 /* ChatBoatSwiftAITests.xctest */ = {isa = PBXFileReference; explicitFileType = wrapper.cfbundle; includeInIndex = 0; path = ChatBoatSwiftAITests.xctest; sourceTree = BUILT_PRODUCTS_DIR; };
		0486C2D4298DA85D00527770 /* ChatBoatSwiftAITests.swift */ = {isa = PBXFileReference; lastKnownFileType = sourcecode.swift; path = ChatBoatSwiftAITests.swift; sourceTree = "<group>"; };
		0486C2DA298DA85D00527770 /* ChatBoatSwiftAIUITests.xctest */ = {isa = PBXFileReference; explicitFileType = wrapper.cfbundle; includeInIndex = 0; path = ChatBoatSwiftAIUITests.xctest; sourceTree = BUILT_PRODUCTS_DIR; };
		0486C2DE298DA85D00527770 /* ChatBoatSwiftAIUITests.swift */ = {isa = PBXFileReference; lastKnownFileType = sourcecode.swift; path = ChatBoatSwiftAIUITests.swift; sourceTree = "<group>"; };
		0486C2E0298DA85D00527770 /* ChatBoatSwiftAIUITestsLaunchTests.swift */ = {isa = PBXFileReference; lastKnownFileType = sourcecode.swift; path = ChatBoatSwiftAIUITestsLaunchTests.swift; sourceTree = "<group>"; };
		0486C2F0298DA8C900527770 /* NetworkManager.swift */ = {isa = PBXFileReference; lastKnownFileType = sourcecode.swift; path = NetworkManager.swift; sourceTree = "<group>"; };
		0486C2F2298DA8F600527770 /* ChatBoatDataModel.swift */ = {isa = PBXFileReference; lastKnownFileType = sourcecode.swift; path = ChatBoatDataModel.swift; sourceTree = "<group>"; };
		04DDF95F405856DD97D4DA30 /* Pods-ChatBoatSwiftAI-ChatBoatSwiftAIUITests.debug.xcconfig */ = {isa = PBXFileReference; includeInIndex = 1; lastKnownFileType = text.xcconfig; name = "Pods-ChatBoatSwiftAI-ChatBoatSwiftAIUITests.debug.xcconfig"; path = "Target Support Files/Pods-ChatBoatSwiftAI-ChatBoatSwiftAIUITests/Pods-ChatBoatSwiftAI-ChatBoatSwiftAIUITests.debug.xcconfig"; sourceTree = "<group>"; };
		04FF93A7299425C8004D46A3 /* ChatBoatViewModel.swift */ = {isa = PBXFileReference; lastKnownFileType = sourcecode.swift; path = ChatBoatViewModel.swift; sourceTree = "<group>"; };
		242AFDF585E758E8B5BC3E52 /* Pods-ChatBoatSwiftAITests.release.xcconfig */ = {isa = PBXFileReference; includeInIndex = 1; lastKnownFileType = text.xcconfig; name = "Pods-ChatBoatSwiftAITests.release.xcconfig"; path = "Target Support Files/Pods-ChatBoatSwiftAITests/Pods-ChatBoatSwiftAITests.release.xcconfig"; sourceTree = "<group>"; };
		2EC46F3AABC9C6AE9E623981 /* Pods-ChatBoatSwiftAITests.debug.xcconfig */ = {isa = PBXFileReference; includeInIndex = 1; lastKnownFileType = text.xcconfig; name = "Pods-ChatBoatSwiftAITests.debug.xcconfig"; path = "Target Support Files/Pods-ChatBoatSwiftAITests/Pods-ChatBoatSwiftAITests.debug.xcconfig"; sourceTree = "<group>"; };
		53CB4BB1793AEEB7E7F36EB8 /* Pods-ChatBoatSwiftAI.release.xcconfig */ = {isa = PBXFileReference; includeInIndex = 1; lastKnownFileType = text.xcconfig; name = "Pods-ChatBoatSwiftAI.release.xcconfig"; path = "Target Support Files/Pods-ChatBoatSwiftAI/Pods-ChatBoatSwiftAI.release.xcconfig"; sourceTree = "<group>"; };
		574B34191FDB36B93A7B1FAD /* Pods-ChatBoatSwiftAI.debug.xcconfig */ = {isa = PBXFileReference; includeInIndex = 1; lastKnownFileType = text.xcconfig; name = "Pods-ChatBoatSwiftAI.debug.xcconfig"; path = "Target Support Files/Pods-ChatBoatSwiftAI/Pods-ChatBoatSwiftAI.debug.xcconfig"; sourceTree = "<group>"; };
		712F058429D3223800A62492 /* PrivateData.swift */ = {isa = PBXFileReference; lastKnownFileType = sourcecode.swift; path = PrivateData.swift; sourceTree = "<group>"; };
		712F058729D328FF00A62492 /* CustomTextView.swift */ = {isa = PBXFileReference; lastKnownFileType = sourcecode.swift; path = CustomTextView.swift; sourceTree = "<group>"; };
		712F058A29D32DAD00A62492 /* CustomButton.swift */ = {isa = PBXFileReference; lastKnownFileType = sourcecode.swift; path = CustomButton.swift; sourceTree = "<group>"; };
		71AC9F8A29D592B200287721 /* DotAnimationCell.swift */ = {isa = PBXFileReference; lastKnownFileType = sourcecode.swift; path = DotAnimationCell.swift; sourceTree = "<group>"; };
		71AC9F8B29D592B200287721 /* DotAnimationCell.xib */ = {isa = PBXFileReference; lastKnownFileType = file.xib; path = DotAnimationCell.xib; sourceTree = "<group>"; };
		84B4D975CB44CA19F5823F9D /* Pods-ChatBoatSwiftAI-ChatBoatSwiftAIUITests.release.xcconfig */ = {isa = PBXFileReference; includeInIndex = 1; lastKnownFileType = text.xcconfig; name = "Pods-ChatBoatSwiftAI-ChatBoatSwiftAIUITests.release.xcconfig"; path = "Target Support Files/Pods-ChatBoatSwiftAI-ChatBoatSwiftAIUITests/Pods-ChatBoatSwiftAI-ChatBoatSwiftAIUITests.release.xcconfig"; sourceTree = "<group>"; };
		8E87178F259D4C0C575B3CFB /* Pods_ChatBoatSwiftAI.framework */ = {isa = PBXFileReference; explicitFileType = wrapper.framework; includeInIndex = 0; path = Pods_ChatBoatSwiftAI.framework; sourceTree = BUILT_PRODUCTS_DIR; };
		BEED115299F886AA2B3E067E /* Pods_ChatBoatSwiftAI_ChatBoatSwiftAIUITests.framework */ = {isa = PBXFileReference; explicitFileType = wrapper.framework; includeInIndex = 0; path = Pods_ChatBoatSwiftAI_ChatBoatSwiftAIUITests.framework; sourceTree = BUILT_PRODUCTS_DIR; };
		C99419B489EF28AC8A599DF3 /* Pods_ChatBoatSwiftAITests.framework */ = {isa = PBXFileReference; explicitFileType = wrapper.framework; includeInIndex = 0; path = Pods_ChatBoatSwiftAITests.framework; sourceTree = BUILT_PRODUCTS_DIR; };
/* End PBXFileReference section */

/* Begin PBXFrameworksBuildPhase section */
		0486C2B4298DA85C00527770 /* Frameworks */ = {
			isa = PBXFrameworksBuildPhase;
			buildActionMask = 2147483647;
			files = (
				0486C2EF298DA89B00527770 /* Alamofire in Frameworks */,
				3E5FCBCFF835DD394F442859 /* Pods_ChatBoatSwiftAI.framework in Frameworks */,
			);
			runOnlyForDeploymentPostprocessing = 0;
		};
		0486C2CD298DA85D00527770 /* Frameworks */ = {
			isa = PBXFrameworksBuildPhase;
			buildActionMask = 2147483647;
			files = (
				DB2908D0311888D1227FEC45 /* Pods_ChatBoatSwiftAITests.framework in Frameworks */,
			);
			runOnlyForDeploymentPostprocessing = 0;
		};
		0486C2D7298DA85D00527770 /* Frameworks */ = {
			isa = PBXFrameworksBuildPhase;
			buildActionMask = 2147483647;
			files = (
				62A86154F55CA668B02550A2 /* Pods_ChatBoatSwiftAI_ChatBoatSwiftAIUITests.framework in Frameworks */,
			);
			runOnlyForDeploymentPostprocessing = 0;
		};
/* End PBXFrameworksBuildPhase section */

/* Begin PBXGroup section */
		042B78FB298ED1B1006280E8 /* Chat Cell */ = {
			isa = PBXGroup;
			children = (
				042B78FC298ED56C006280E8 /* SenderCell.swift */,
				042B78FD298ED56C006280E8 /* SenderCell.xib */,
				042B7900298ED581006280E8 /* ReceiverCell.swift */,
				042B7901298ED581006280E8 /* ReceiverCell.xib */,
			);
			path = "Chat Cell";
			sourceTree = "<group>";
		};
		043D5C05298FB33D0098B2D7 /* Bubble */ = {
			isa = PBXGroup;
			children = (
				043D5C06298FB3500098B2D7 /* BubbleView.swift */,
			);
			path = Bubble;
			sourceTree = "<group>";
		};
		043D5C08298FD2E00098B2D7 /* Assets Sounds */ = {
			isa = PBXGroup;
			children = (
				043D5C0A298FD2F90098B2D7 /* receiver.mp3 */,
				043D5C09298FD2F90098B2D7 /* sender.mp3 */,
			);
			path = "Assets Sounds";
			sourceTree = "<group>";
		};
		0486C2AE298DA85B00527770 = {
			isa = PBXGroup;
			children = (
				0486C2B9298DA85C00527770 /* ChatBoatSwiftAI */,
				0486C2D3298DA85D00527770 /* ChatBoatSwiftAITests */,
				0486C2DD298DA85D00527770 /* ChatBoatSwiftAIUITests */,
				0486C2B8298DA85C00527770 /* Products */,
				6C2C61899387F5ED8899CBA1 /* Pods */,
				AD5C0A35FE5A0EB5445C307A /* Frameworks */,
			);
			sourceTree = "<group>";
		};
		0486C2B8298DA85C00527770 /* Products */ = {
			isa = PBXGroup;
			children = (
				0486C2B7298DA85C00527770 /* ChatBoatSwiftAI.app */,
				0486C2D0298DA85D00527770 /* ChatBoatSwiftAITests.xctest */,
				0486C2DA298DA85D00527770 /* ChatBoatSwiftAIUITests.xctest */,
			);
			name = Products;
			sourceTree = "<group>";
		};
		0486C2B9298DA85C00527770 /* ChatBoatSwiftAI */ = {
			isa = PBXGroup;
			children = (
				712F058929D32D9400A62492 /* CustomButton */,
				712F058629D328DC00A62492 /* CustomTextView */,
				043D5C08298FD2E00098B2D7 /* Assets Sounds */,
				043D5C05298FB33D0098B2D7 /* Bubble */,
				71AC9F8729D591E100287721 /* DotAnimationCell */,
				042B78FB298ED1B1006280E8 /* Chat Cell */,
				0486C2BA298DA85C00527770 /* AppDelegate.swift */,
				0486C2BC298DA85C00527770 /* SceneDelegate.swift */,
				0486C2BE298DA85C00527770 /* ViewController.swift */,
				0486C2C0298DA85C00527770 /* Main.storyboard */,
				0486C2C6298DA85D00527770 /* Assets.xcassets */,
				0486C2C8298DA85D00527770 /* LaunchScreen.storyboard */,
				0486C2CB298DA85D00527770 /* Info.plist */,
				0486C2C3298DA85C00527770 /* ChatBoatSwiftAI.xcdatamodeld */,
				0486C2F0298DA8C900527770 /* NetworkManager.swift */,
				0486C2F2298DA8F600527770 /* ChatBoatDataModel.swift */,
				04FF93A7299425C8004D46A3 /* ChatBoatViewModel.swift */,
				712F058429D3223800A62492 /* PrivateData.swift */,
			);
			path = ChatBoatSwiftAI;
			sourceTree = "<group>";
		};
		0486C2D3298DA85D00527770 /* ChatBoatSwiftAITests */ = {
			isa = PBXGroup;
			children = (
				0486C2D4298DA85D00527770 /* ChatBoatSwiftAITests.swift */,
			);
			path = ChatBoatSwiftAITests;
			sourceTree = "<group>";
		};
		0486C2DD298DA85D00527770 /* ChatBoatSwiftAIUITests */ = {
			isa = PBXGroup;
			children = (
				0486C2DE298DA85D00527770 /* ChatBoatSwiftAIUITests.swift */,
				0486C2E0298DA85D00527770 /* ChatBoatSwiftAIUITestsLaunchTests.swift */,
			);
			path = ChatBoatSwiftAIUITests;
			sourceTree = "<group>";
		};
		6C2C61899387F5ED8899CBA1 /* Pods */ = {
			isa = PBXGroup;
			children = (
				574B34191FDB36B93A7B1FAD /* Pods-ChatBoatSwiftAI.debug.xcconfig */,
				53CB4BB1793AEEB7E7F36EB8 /* Pods-ChatBoatSwiftAI.release.xcconfig */,
				04DDF95F405856DD97D4DA30 /* Pods-ChatBoatSwiftAI-ChatBoatSwiftAIUITests.debug.xcconfig */,
				84B4D975CB44CA19F5823F9D /* Pods-ChatBoatSwiftAI-ChatBoatSwiftAIUITests.release.xcconfig */,
				2EC46F3AABC9C6AE9E623981 /* Pods-ChatBoatSwiftAITests.debug.xcconfig */,
				242AFDF585E758E8B5BC3E52 /* Pods-ChatBoatSwiftAITests.release.xcconfig */,
			);
			path = Pods;
			sourceTree = "<group>";
		};
		712F058629D328DC00A62492 /* CustomTextView */ = {
			isa = PBXGroup;
			children = (
				712F058729D328FF00A62492 /* CustomTextView.swift */,
			);
			path = CustomTextView;
			sourceTree = "<group>";
		};
		712F058929D32D9400A62492 /* CustomButton */ = {
			isa = PBXGroup;
			children = (
				712F058A29D32DAD00A62492 /* CustomButton.swift */,
			);
			path = CustomButton;
			sourceTree = "<group>";
		};
		71AC9F8729D591E100287721 /* DotAnimationCell */ = {
			isa = PBXGroup;
			children = (
				71AC9F8A29D592B200287721 /* DotAnimationCell.swift */,
				71AC9F8B29D592B200287721 /* DotAnimationCell.xib */,
			);
			path = DotAnimationCell;
			sourceTree = "<group>";
		};
		AD5C0A35FE5A0EB5445C307A /* Frameworks */ = {
			isa = PBXGroup;
			children = (
				8E87178F259D4C0C575B3CFB /* Pods_ChatBoatSwiftAI.framework */,
				BEED115299F886AA2B3E067E /* Pods_ChatBoatSwiftAI_ChatBoatSwiftAIUITests.framework */,
				C99419B489EF28AC8A599DF3 /* Pods_ChatBoatSwiftAITests.framework */,
			);
			name = Frameworks;
			sourceTree = "<group>";
		};
/* End PBXGroup section */

/* Begin PBXNativeTarget section */
		0486C2B6298DA85C00527770 /* ChatBoatSwiftAI */ = {
			isa = PBXNativeTarget;
			buildConfigurationList = 0486C2E4298DA85D00527770 /* Build configuration list for PBXNativeTarget "ChatBoatSwiftAI" */;
			buildPhases = (
				03CDE72EBC85A2517868978D /* [CP] Check Pods Manifest.lock */,
				0486C2B3298DA85C00527770 /* Sources */,
				0486C2B4298DA85C00527770 /* Frameworks */,
				0486C2B5298DA85C00527770 /* Resources */,
				CE4C9E01F117FFECDEBF58A2 /* [CP] Embed Pods Frameworks */,
			);
			buildRules = (
			);
			dependencies = (
			);
			name = ChatBoatSwiftAI;
			packageProductDependencies = (
				0486C2EE298DA89B00527770 /* Alamofire */,
			);
			productName = ChatBoatSwiftAI;
			productReference = 0486C2B7298DA85C00527770 /* ChatBoatSwiftAI.app */;
			productType = "com.apple.product-type.application";
		};
		0486C2CF298DA85D00527770 /* ChatBoatSwiftAITests */ = {
			isa = PBXNativeTarget;
			buildConfigurationList = 0486C2E7298DA85D00527770 /* Build configuration list for PBXNativeTarget "ChatBoatSwiftAITests" */;
			buildPhases = (
				6FBA062E1BF49B49D1F26F45 /* [CP] Check Pods Manifest.lock */,
				0486C2CC298DA85D00527770 /* Sources */,
				0486C2CD298DA85D00527770 /* Frameworks */,
				0486C2CE298DA85D00527770 /* Resources */,
			);
			buildRules = (
			);
			dependencies = (
				0486C2D2298DA85D00527770 /* PBXTargetDependency */,
			);
			name = ChatBoatSwiftAITests;
			productName = ChatBoatSwiftAITests;
			productReference = 0486C2D0298DA85D00527770 /* ChatBoatSwiftAITests.xctest */;
			productType = "com.apple.product-type.bundle.unit-test";
		};
		0486C2D9298DA85D00527770 /* ChatBoatSwiftAIUITests */ = {
			isa = PBXNativeTarget;
			buildConfigurationList = 0486C2EA298DA85D00527770 /* Build configuration list for PBXNativeTarget "ChatBoatSwiftAIUITests" */;
			buildPhases = (
				6B0E4A4E52AA8C1DFF354E9C /* [CP] Check Pods Manifest.lock */,
				0486C2D6298DA85D00527770 /* Sources */,
				0486C2D7298DA85D00527770 /* Frameworks */,
				0486C2D8298DA85D00527770 /* Resources */,
				BD233D41FE34A340DC8880C9 /* [CP] Embed Pods Frameworks */,
			);
			buildRules = (
			);
			dependencies = (
				0486C2DC298DA85D00527770 /* PBXTargetDependency */,
			);
			name = ChatBoatSwiftAIUITests;
			productName = ChatBoatSwiftAIUITests;
			productReference = 0486C2DA298DA85D00527770 /* ChatBoatSwiftAIUITests.xctest */;
			productType = "com.apple.product-type.bundle.ui-testing";
		};
/* End PBXNativeTarget section */

/* Begin PBXProject section */
		0486C2AF298DA85B00527770 /* Project object */ = {
			isa = PBXProject;
			attributes = {
				BuildIndependentTargetsInParallel = 1;
				LastSwiftUpdateCheck = 1320;
				LastUpgradeCheck = 1320;
				TargetAttributes = {
					0486C2B6298DA85C00527770 = {
						CreatedOnToolsVersion = 13.2.1;
					};
					0486C2CF298DA85D00527770 = {
						CreatedOnToolsVersion = 13.2.1;
						TestTargetID = 0486C2B6298DA85C00527770;
					};
					0486C2D9298DA85D00527770 = {
						CreatedOnToolsVersion = 13.2.1;
						TestTargetID = 0486C2B6298DA85C00527770;
					};
				};
			};
			buildConfigurationList = 0486C2B2298DA85B00527770 /* Build configuration list for PBXProject "ChatBoatSwiftAI" */;
			compatibilityVersion = "Xcode 13.0";
			developmentRegion = en;
			hasScannedForEncodings = 0;
			knownRegions = (
				en,
				Base,
			);
			mainGroup = 0486C2AE298DA85B00527770;
			packageReferences = (
				0486C2ED298DA89B00527770 /* XCRemoteSwiftPackageReference "Alamofire" */,
			);
			productRefGroup = 0486C2B8298DA85C00527770 /* Products */;
			projectDirPath = "";
			projectRoot = "";
			targets = (
				0486C2B6298DA85C00527770 /* ChatBoatSwiftAI */,
				0486C2CF298DA85D00527770 /* ChatBoatSwiftAITests */,
				0486C2D9298DA85D00527770 /* ChatBoatSwiftAIUITests */,
			);
		};
/* End PBXProject section */

/* Begin PBXResourcesBuildPhase section */
		0486C2B5298DA85C00527770 /* Resources */ = {
			isa = PBXResourcesBuildPhase;
			buildActionMask = 2147483647;
			files = (
				0486C2CA298DA85D00527770 /* LaunchScreen.storyboard in Resources */,
				043D5C0C298FD2F90098B2D7 /* receiver.mp3 in Resources */,
				042B7903298ED581006280E8 /* ReceiverCell.xib in Resources */,
				0486C2C7298DA85D00527770 /* Assets.xcassets in Resources */,
				71AC9F8D29D592B200287721 /* DotAnimationCell.xib in Resources */,
				042B78FF298ED56C006280E8 /* SenderCell.xib in Resources */,
				043D5C0B298FD2F90098B2D7 /* sender.mp3 in Resources */,
				0486C2C2298DA85C00527770 /* Main.storyboard in Resources */,
			);
			runOnlyForDeploymentPostprocessing = 0;
		};
		0486C2CE298DA85D00527770 /* Resources */ = {
			isa = PBXResourcesBuildPhase;
			buildActionMask = 2147483647;
			files = (
			);
			runOnlyForDeploymentPostprocessing = 0;
		};
		0486C2D8298DA85D00527770 /* Resources */ = {
			isa = PBXResourcesBuildPhase;
			buildActionMask = 2147483647;
			files = (
			);
			runOnlyForDeploymentPostprocessing = 0;
		};
/* End PBXResourcesBuildPhase section */

/* Begin PBXShellScriptBuildPhase section */
		03CDE72EBC85A2517868978D /* [CP] Check Pods Manifest.lock */ = {
			isa = PBXShellScriptBuildPhase;
			buildActionMask = 2147483647;
			files = (
			);
			inputFileListPaths = (
			);
			inputPaths = (
				"${PODS_PODFILE_DIR_PATH}/Podfile.lock",
				"${PODS_ROOT}/Manifest.lock",
			);
			name = "[CP] Check Pods Manifest.lock";
			outputFileListPaths = (
			);
			outputPaths = (
				"$(DERIVED_FILE_DIR)/Pods-ChatBoatSwiftAI-checkManifestLockResult.txt",
			);
			runOnlyForDeploymentPostprocessing = 0;
			shellPath = /bin/sh;
			shellScript = "diff \"${PODS_PODFILE_DIR_PATH}/Podfile.lock\" \"${PODS_ROOT}/Manifest.lock\" > /dev/null\nif [ $? != 0 ] ; then\n    # print error to STDERR\n    echo \"error: The sandbox is not in sync with the Podfile.lock. Run 'pod install' or update your CocoaPods installation.\" >&2\n    exit 1\nfi\n# This output is used by Xcode 'outputs' to avoid re-running this script phase.\necho \"SUCCESS\" > \"${SCRIPT_OUTPUT_FILE_0}\"\n";
			showEnvVarsInLog = 0;
		};
		6B0E4A4E52AA8C1DFF354E9C /* [CP] Check Pods Manifest.lock */ = {
			isa = PBXShellScriptBuildPhase;
			buildActionMask = 2147483647;
			files = (
			);
			inputFileListPaths = (
			);
			inputPaths = (
				"${PODS_PODFILE_DIR_PATH}/Podfile.lock",
				"${PODS_ROOT}/Manifest.lock",
			);
			name = "[CP] Check Pods Manifest.lock";
			outputFileListPaths = (
			);
			outputPaths = (
				"$(DERIVED_FILE_DIR)/Pods-ChatBoatSwiftAI-ChatBoatSwiftAIUITests-checkManifestLockResult.txt",
			);
			runOnlyForDeploymentPostprocessing = 0;
			shellPath = /bin/sh;
			shellScript = "diff \"${PODS_PODFILE_DIR_PATH}/Podfile.lock\" \"${PODS_ROOT}/Manifest.lock\" > /dev/null\nif [ $? != 0 ] ; then\n    # print error to STDERR\n    echo \"error: The sandbox is not in sync with the Podfile.lock. Run 'pod install' or update your CocoaPods installation.\" >&2\n    exit 1\nfi\n# This output is used by Xcode 'outputs' to avoid re-running this script phase.\necho \"SUCCESS\" > \"${SCRIPT_OUTPUT_FILE_0}\"\n";
			showEnvVarsInLog = 0;
		};
		6FBA062E1BF49B49D1F26F45 /* [CP] Check Pods Manifest.lock */ = {
			isa = PBXShellScriptBuildPhase;
			buildActionMask = 2147483647;
			files = (
			);
			inputFileListPaths = (
			);
			inputPaths = (
				"${PODS_PODFILE_DIR_PATH}/Podfile.lock",
				"${PODS_ROOT}/Manifest.lock",
			);
			name = "[CP] Check Pods Manifest.lock";
			outputFileListPaths = (
			);
			outputPaths = (
				"$(DERIVED_FILE_DIR)/Pods-ChatBoatSwiftAITests-checkManifestLockResult.txt",
			);
			runOnlyForDeploymentPostprocessing = 0;
			shellPath = /bin/sh;
			shellScript = "diff \"${PODS_PODFILE_DIR_PATH}/Podfile.lock\" \"${PODS_ROOT}/Manifest.lock\" > /dev/null\nif [ $? != 0 ] ; then\n    # print error to STDERR\n    echo \"error: The sandbox is not in sync with the Podfile.lock. Run 'pod install' or update your CocoaPods installation.\" >&2\n    exit 1\nfi\n# This output is used by Xcode 'outputs' to avoid re-running this script phase.\necho \"SUCCESS\" > \"${SCRIPT_OUTPUT_FILE_0}\"\n";
			showEnvVarsInLog = 0;
		};
		BD233D41FE34A340DC8880C9 /* [CP] Embed Pods Frameworks */ = {
			isa = PBXShellScriptBuildPhase;
			buildActionMask = 2147483647;
			files = (
			);
			inputFileListPaths = (
				"${PODS_ROOT}/Target Support Files/Pods-ChatBoatSwiftAI-ChatBoatSwiftAIUITests/Pods-ChatBoatSwiftAI-ChatBoatSwiftAIUITests-frameworks-${CONFIGURATION}-input-files.xcfilelist",
			);
			name = "[CP] Embed Pods Frameworks";
			outputFileListPaths = (
				"${PODS_ROOT}/Target Support Files/Pods-ChatBoatSwiftAI-ChatBoatSwiftAIUITests/Pods-ChatBoatSwiftAI-ChatBoatSwiftAIUITests-frameworks-${CONFIGURATION}-output-files.xcfilelist",
			);
			runOnlyForDeploymentPostprocessing = 0;
			shellPath = /bin/sh;
			shellScript = "\"${PODS_ROOT}/Target Support Files/Pods-ChatBoatSwiftAI-ChatBoatSwiftAIUITests/Pods-ChatBoatSwiftAI-ChatBoatSwiftAIUITests-frameworks.sh\"\n";
			showEnvVarsInLog = 0;
		};
		CE4C9E01F117FFECDEBF58A2 /* [CP] Embed Pods Frameworks */ = {
			isa = PBXShellScriptBuildPhase;
			buildActionMask = 2147483647;
			files = (
			);
			inputFileListPaths = (
				"${PODS_ROOT}/Target Support Files/Pods-ChatBoatSwiftAI/Pods-ChatBoatSwiftAI-frameworks-${CONFIGURATION}-input-files.xcfilelist",
			);
			name = "[CP] Embed Pods Frameworks";
			outputFileListPaths = (
				"${PODS_ROOT}/Target Support Files/Pods-ChatBoatSwiftAI/Pods-ChatBoatSwiftAI-frameworks-${CONFIGURATION}-output-files.xcfilelist",
			);
			runOnlyForDeploymentPostprocessing = 0;
			shellPath = /bin/sh;
			shellScript = "\"${PODS_ROOT}/Target Support Files/Pods-ChatBoatSwiftAI/Pods-ChatBoatSwiftAI-frameworks.sh\"\n";
			showEnvVarsInLog = 0;
		};
/* End PBXShellScriptBuildPhase section */

/* Begin PBXSourcesBuildPhase section */
		0486C2B3298DA85C00527770 /* Sources */ = {
			isa = PBXSourcesBuildPhase;
			buildActionMask = 2147483647;
			files = (
				712F058B29D32DAD00A62492 /* CustomButton.swift in Sources */,
				043D5C07298FB3500098B2D7 /* BubbleView.swift in Sources */,
				712F058529D3223800A62492 /* PrivateData.swift in Sources */,
				712F058829D328FF00A62492 /* CustomTextView.swift in Sources */,
				0486C2BF298DA85C00527770 /* ViewController.swift in Sources */,
				0486C2C5298DA85C00527770 /* ChatBoatSwiftAI.xcdatamodeld in Sources */,
				0486C2F1298DA8C900527770 /* NetworkManager.swift in Sources */,
				0486C2BB298DA85C00527770 /* AppDelegate.swift in Sources */,
				042B7902298ED581006280E8 /* ReceiverCell.swift in Sources */,
				04FF93A8299425C8004D46A3 /* ChatBoatViewModel.swift in Sources */,
				042B78FE298ED56C006280E8 /* SenderCell.swift in Sources */,
				0486C2BD298DA85C00527770 /* SceneDelegate.swift in Sources */,
				71AC9F8C29D592B200287721 /* DotAnimationCell.swift in Sources */,
				0486C2F3298DA8F600527770 /* ChatBoatDataModel.swift in Sources */,
			);
			runOnlyForDeploymentPostprocessing = 0;
		};
		0486C2CC298DA85D00527770 /* Sources */ = {
			isa = PBXSourcesBuildPhase;
			buildActionMask = 2147483647;
			files = (
				0486C2D5298DA85D00527770 /* ChatBoatSwiftAITests.swift in Sources */,
			);
			runOnlyForDeploymentPostprocessing = 0;
		};
		0486C2D6298DA85D00527770 /* Sources */ = {
			isa = PBXSourcesBuildPhase;
			buildActionMask = 2147483647;
			files = (
				0486C2E1298DA85D00527770 /* ChatBoatSwiftAIUITestsLaunchTests.swift in Sources */,
				0486C2DF298DA85D00527770 /* ChatBoatSwiftAIUITests.swift in Sources */,
			);
			runOnlyForDeploymentPostprocessing = 0;
		};
/* End PBXSourcesBuildPhase section */

/* Begin PBXTargetDependency section */
		0486C2D2298DA85D00527770 /* PBXTargetDependency */ = {
			isa = PBXTargetDependency;
			target = 0486C2B6298DA85C00527770 /* ChatBoatSwiftAI */;
			targetProxy = 0486C2D1298DA85D00527770 /* PBXContainerItemProxy */;
		};
		0486C2DC298DA85D00527770 /* PBXTargetDependency */ = {
			isa = PBXTargetDependency;
			target = 0486C2B6298DA85C00527770 /* ChatBoatSwiftAI */;
			targetProxy = 0486C2DB298DA85D00527770 /* PBXContainerItemProxy */;
		};
/* End PBXTargetDependency section */

/* Begin PBXVariantGroup section */
		0486C2C0298DA85C00527770 /* Main.storyboard */ = {
			isa = PBXVariantGroup;
			children = (
				0486C2C1298DA85C00527770 /* Base */,
			);
			name = Main.storyboard;
			sourceTree = "<group>";
		};
		0486C2C8298DA85D00527770 /* LaunchScreen.storyboard */ = {
			isa = PBXVariantGroup;
			children = (
				0486C2C9298DA85D00527770 /* Base */,
			);
			name = LaunchScreen.storyboard;
			sourceTree = "<group>";
		};
/* End PBXVariantGroup section */

/* Begin XCBuildConfiguration section */
		0486C2E2298DA85D00527770 /* Debug */ = {
			isa = XCBuildConfiguration;
			buildSettings = {
				ALWAYS_SEARCH_USER_PATHS = NO;
				CLANG_ANALYZER_NONNULL = YES;
				CLANG_ANALYZER_NUMBER_OBJECT_CONVERSION = YES_AGGRESSIVE;
				CLANG_CXX_LANGUAGE_STANDARD = "gnu++17";
				CLANG_CXX_LIBRARY = "libc++";
				CLANG_ENABLE_MODULES = YES;
				CLANG_ENABLE_OBJC_ARC = YES;
				CLANG_ENABLE_OBJC_WEAK = YES;
				CLANG_WARN_BLOCK_CAPTURE_AUTORELEASING = YES;
				CLANG_WARN_BOOL_CONVERSION = YES;
				CLANG_WARN_COMMA = YES;
				CLANG_WARN_CONSTANT_CONVERSION = YES;
				CLANG_WARN_DEPRECATED_OBJC_IMPLEMENTATIONS = YES;
				CLANG_WARN_DIRECT_OBJC_ISA_USAGE = YES_ERROR;
				CLANG_WARN_DOCUMENTATION_COMMENTS = YES;
				CLANG_WARN_EMPTY_BODY = YES;
				CLANG_WARN_ENUM_CONVERSION = YES;
				CLANG_WARN_INFINITE_RECURSION = YES;
				CLANG_WARN_INT_CONVERSION = YES;
				CLANG_WARN_NON_LITERAL_NULL_CONVERSION = YES;
				CLANG_WARN_OBJC_IMPLICIT_RETAIN_SELF = YES;
				CLANG_WARN_OBJC_LITERAL_CONVERSION = YES;
				CLANG_WARN_OBJC_ROOT_CLASS = YES_ERROR;
				CLANG_WARN_QUOTED_INCLUDE_IN_FRAMEWORK_HEADER = YES;
				CLANG_WARN_RANGE_LOOP_ANALYSIS = YES;
				CLANG_WARN_STRICT_PROTOTYPES = YES;
				CLANG_WARN_SUSPICIOUS_MOVE = YES;
				CLANG_WARN_UNGUARDED_AVAILABILITY = YES_AGGRESSIVE;
				CLANG_WARN_UNREACHABLE_CODE = YES;
				CLANG_WARN__DUPLICATE_METHOD_MATCH = YES;
				COPY_PHASE_STRIP = NO;
				DEBUG_INFORMATION_FORMAT = dwarf;
				ENABLE_STRICT_OBJC_MSGSEND = YES;
				ENABLE_TESTABILITY = YES;
				GCC_C_LANGUAGE_STANDARD = gnu11;
				GCC_DYNAMIC_NO_PIC = NO;
				GCC_NO_COMMON_BLOCKS = YES;
				GCC_OPTIMIZATION_LEVEL = 0;
				GCC_PREPROCESSOR_DEFINITIONS = (
					"DEBUG=1",
					"$(inherited)",
				);
				GCC_WARN_64_TO_32_BIT_CONVERSION = YES;
				GCC_WARN_ABOUT_RETURN_TYPE = YES_ERROR;
				GCC_WARN_UNDECLARED_SELECTOR = YES;
				GCC_WARN_UNINITIALIZED_AUTOS = YES_AGGRESSIVE;
				GCC_WARN_UNUSED_FUNCTION = YES;
				GCC_WARN_UNUSED_VARIABLE = YES;
				IPHONEOS_DEPLOYMENT_TARGET = 15.2;
				MTL_ENABLE_DEBUG_INFO = INCLUDE_SOURCE;
				MTL_FAST_MATH = YES;
				ONLY_ACTIVE_ARCH = YES;
				SDKROOT = iphoneos;
				SWIFT_ACTIVE_COMPILATION_CONDITIONS = DEBUG;
				SWIFT_OPTIMIZATION_LEVEL = "-Onone";
			};
			name = Debug;
		};
		0486C2E3298DA85D00527770 /* Release */ = {
			isa = XCBuildConfiguration;
			buildSettings = {
				ALWAYS_SEARCH_USER_PATHS = NO;
				CLANG_ANALYZER_NONNULL = YES;
				CLANG_ANALYZER_NUMBER_OBJECT_CONVERSION = YES_AGGRESSIVE;
				CLANG_CXX_LANGUAGE_STANDARD = "gnu++17";
				CLANG_CXX_LIBRARY = "libc++";
				CLANG_ENABLE_MODULES = YES;
				CLANG_ENABLE_OBJC_ARC = YES;
				CLANG_ENABLE_OBJC_WEAK = YES;
				CLANG_WARN_BLOCK_CAPTURE_AUTORELEASING = YES;
				CLANG_WARN_BOOL_CONVERSION = YES;
				CLANG_WARN_COMMA = YES;
				CLANG_WARN_CONSTANT_CONVERSION = YES;
				CLANG_WARN_DEPRECATED_OBJC_IMPLEMENTATIONS = YES;
				CLANG_WARN_DIRECT_OBJC_ISA_USAGE = YES_ERROR;
				CLANG_WARN_DOCUMENTATION_COMMENTS = YES;
				CLANG_WARN_EMPTY_BODY = YES;
				CLANG_WARN_ENUM_CONVERSION = YES;
				CLANG_WARN_INFINITE_RECURSION = YES;
				CLANG_WARN_INT_CONVERSION = YES;
				CLANG_WARN_NON_LITERAL_NULL_CONVERSION = YES;
				CLANG_WARN_OBJC_IMPLICIT_RETAIN_SELF = YES;
				CLANG_WARN_OBJC_LITERAL_CONVERSION = YES;
				CLANG_WARN_OBJC_ROOT_CLASS = YES_ERROR;
				CLANG_WARN_QUOTED_INCLUDE_IN_FRAMEWORK_HEADER = YES;
				CLANG_WARN_RANGE_LOOP_ANALYSIS = YES;
				CLANG_WARN_STRICT_PROTOTYPES = YES;
				CLANG_WARN_SUSPICIOUS_MOVE = YES;
				CLANG_WARN_UNGUARDED_AVAILABILITY = YES_AGGRESSIVE;
				CLANG_WARN_UNREACHABLE_CODE = YES;
				CLANG_WARN__DUPLICATE_METHOD_MATCH = YES;
				COPY_PHASE_STRIP = NO;
				DEBUG_INFORMATION_FORMAT = "dwarf-with-dsym";
				ENABLE_NS_ASSERTIONS = NO;
				ENABLE_STRICT_OBJC_MSGSEND = YES;
				GCC_C_LANGUAGE_STANDARD = gnu11;
				GCC_NO_COMMON_BLOCKS = YES;
				GCC_WARN_64_TO_32_BIT_CONVERSION = YES;
				GCC_WARN_ABOUT_RETURN_TYPE = YES_ERROR;
				GCC_WARN_UNDECLARED_SELECTOR = YES;
				GCC_WARN_UNINITIALIZED_AUTOS = YES_AGGRESSIVE;
				GCC_WARN_UNUSED_FUNCTION = YES;
				GCC_WARN_UNUSED_VARIABLE = YES;
				IPHONEOS_DEPLOYMENT_TARGET = 15.2;
				MTL_ENABLE_DEBUG_INFO = NO;
				MTL_FAST_MATH = YES;
				SDKROOT = iphoneos;
				SWIFT_COMPILATION_MODE = wholemodule;
				SWIFT_OPTIMIZATION_LEVEL = "-O";
				VALIDATE_PRODUCT = YES;
			};
			name = Release;
		};
		0486C2E5298DA85D00527770 /* Debug */ = {
			isa = XCBuildConfiguration;
			baseConfigurationReference = 574B34191FDB36B93A7B1FAD /* Pods-ChatBoatSwiftAI.debug.xcconfig */;
			buildSettings = {
				ASSETCATALOG_COMPILER_APPICON_NAME = AppIcon;
				ASSETCATALOG_COMPILER_GLOBAL_ACCENT_COLOR_NAME = AccentColor;
				CODE_SIGN_STYLE = Automatic;
				CURRENT_PROJECT_VERSION = 1;
				GENERATE_INFOPLIST_FILE = YES;
				INFOPLIST_FILE = ChatBoatSwiftAI/Info.plist;
				INFOPLIST_KEY_UIApplicationSupportsIndirectInputEvents = YES;
				INFOPLIST_KEY_UILaunchStoryboardName = LaunchScreen;
				INFOPLIST_KEY_UIMainStoryboardFile = Main;
				INFOPLIST_KEY_UISupportedInterfaceOrientations_iPad = "UIInterfaceOrientationPortrait UIInterfaceOrientationPortraitUpsideDown UIInterfaceOrientationLandscapeLeft UIInterfaceOrientationLandscapeRight";
				INFOPLIST_KEY_UISupportedInterfaceOrientations_iPhone = "UIInterfaceOrientationPortrait UIInterfaceOrientationLandscapeLeft UIInterfaceOrientationLandscapeRight";
				LD_RUNPATH_SEARCH_PATHS = (
					"$(inherited)",
					"@executable_path/Frameworks",
				);
				MARKETING_VERSION = 1.0;
				PRODUCT_BUNDLE_IDENTIFIER = togastore.com.ChatBoatSwiftAI;
				PRODUCT_NAME = "$(TARGET_NAME)";
				SWIFT_EMIT_LOC_STRINGS = YES;
				SWIFT_VERSION = 5.0;
				TARGETED_DEVICE_FAMILY = "1,2";
			};
			name = Debug;
		};
		0486C2E6298DA85D00527770 /* Release */ = {
			isa = XCBuildConfiguration;
			baseConfigurationReference = 53CB4BB1793AEEB7E7F36EB8 /* Pods-ChatBoatSwiftAI.release.xcconfig */;
			buildSettings = {
				ASSETCATALOG_COMPILER_APPICON_NAME = AppIcon;
				ASSETCATALOG_COMPILER_GLOBAL_ACCENT_COLOR_NAME = AccentColor;
				CODE_SIGN_STYLE = Automatic;
				CURRENT_PROJECT_VERSION = 1;
				GENERATE_INFOPLIST_FILE = YES;
				INFOPLIST_FILE = ChatBoatSwiftAI/Info.plist;
				INFOPLIST_KEY_UIApplicationSupportsIndirectInputEvents = YES;
				INFOPLIST_KEY_UILaunchStoryboardName = LaunchScreen;
				INFOPLIST_KEY_UIMainStoryboardFile = Main;
				INFOPLIST_KEY_UISupportedInterfaceOrientations_iPad = "UIInterfaceOrientationPortrait UIInterfaceOrientationPortraitUpsideDown UIInterfaceOrientationLandscapeLeft UIInterfaceOrientationLandscapeRight";
				INFOPLIST_KEY_UISupportedInterfaceOrientations_iPhone = "UIInterfaceOrientationPortrait UIInterfaceOrientationLandscapeLeft UIInterfaceOrientationLandscapeRight";
				LD_RUNPATH_SEARCH_PATHS = (
					"$(inherited)",
					"@executable_path/Frameworks",
				);
				MARKETING_VERSION = 1.0;
				PRODUCT_BUNDLE_IDENTIFIER = togastore.com.ChatBoatSwiftAI;
				PRODUCT_NAME = "$(TARGET_NAME)";
				SWIFT_EMIT_LOC_STRINGS = YES;
				SWIFT_VERSION = 5.0;
				TARGETED_DEVICE_FAMILY = "1,2";
			};
			name = Release;
		};
		0486C2E8298DA85D00527770 /* Debug */ = {
			isa = XCBuildConfiguration;
			baseConfigurationReference = 2EC46F3AABC9C6AE9E623981 /* Pods-ChatBoatSwiftAITests.debug.xcconfig */;
			buildSettings = {
				ALWAYS_EMBED_SWIFT_STANDARD_LIBRARIES = YES;
				BUNDLE_LOADER = "$(TEST_HOST)";
				CODE_SIGN_STYLE = Automatic;
				CURRENT_PROJECT_VERSION = 1;
				GENERATE_INFOPLIST_FILE = YES;
				IPHONEOS_DEPLOYMENT_TARGET = 15.2;
				MARKETING_VERSION = 1.0;
				PRODUCT_BUNDLE_IDENTIFIER = togastore.com.ChatBoatSwiftAITests;
				PRODUCT_NAME = "$(TARGET_NAME)";
				SWIFT_EMIT_LOC_STRINGS = NO;
				SWIFT_VERSION = 5.0;
				TARGETED_DEVICE_FAMILY = "1,2";
				TEST_HOST = "$(BUILT_PRODUCTS_DIR)/ChatBoatSwiftAI.app/ChatBoatSwiftAI";
			};
			name = Debug;
		};
		0486C2E9298DA85D00527770 /* Release */ = {
			isa = XCBuildConfiguration;
			baseConfigurationReference = 242AFDF585E758E8B5BC3E52 /* Pods-ChatBoatSwiftAITests.release.xcconfig */;
			buildSettings = {
				ALWAYS_EMBED_SWIFT_STANDARD_LIBRARIES = YES;
				BUNDLE_LOADER = "$(TEST_HOST)";
				CODE_SIGN_STYLE = Automatic;
				CURRENT_PROJECT_VERSION = 1;
				GENERATE_INFOPLIST_FILE = YES;
				IPHONEOS_DEPLOYMENT_TARGET = 15.2;
				MARKETING_VERSION = 1.0;
				PRODUCT_BUNDLE_IDENTIFIER = togastore.com.ChatBoatSwiftAITests;
				PRODUCT_NAME = "$(TARGET_NAME)";
				SWIFT_EMIT_LOC_STRINGS = NO;
				SWIFT_VERSION = 5.0;
				TARGETED_DEVICE_FAMILY = "1,2";
				TEST_HOST = "$(BUILT_PRODUCTS_DIR)/ChatBoatSwiftAI.app/ChatBoatSwiftAI";
			};
			name = Release;
		};
		0486C2EB298DA85D00527770 /* Debug */ = {
			isa = XCBuildConfiguration;
			baseConfigurationReference = 04DDF95F405856DD97D4DA30 /* Pods-ChatBoatSwiftAI-ChatBoatSwiftAIUITests.debug.xcconfig */;
			buildSettings = {
				ALWAYS_EMBED_SWIFT_STANDARD_LIBRARIES = YES;
				CODE_SIGN_STYLE = Automatic;
				CURRENT_PROJECT_VERSION = 1;
				GENERATE_INFOPLIST_FILE = YES;
				MARKETING_VERSION = 1.0;
				PRODUCT_BUNDLE_IDENTIFIER = togastore.com.ChatBoatSwiftAIUITests;
				PRODUCT_NAME = "$(TARGET_NAME)";
				SWIFT_EMIT_LOC_STRINGS = NO;
				SWIFT_VERSION = 5.0;
				TARGETED_DEVICE_FAMILY = "1,2";
				TEST_TARGET_NAME = ChatBoatSwiftAI;
			};
			name = Debug;
		};
		0486C2EC298DA85D00527770 /* Release */ = {
			isa = XCBuildConfiguration;
			baseConfigurationReference = 84B4D975CB44CA19F5823F9D /* Pods-ChatBoatSwiftAI-ChatBoatSwiftAIUITests.release.xcconfig */;
			buildSettings = {
				ALWAYS_EMBED_SWIFT_STANDARD_LIBRARIES = YES;
				CODE_SIGN_STYLE = Automatic;
				CURRENT_PROJECT_VERSION = 1;
				GENERATE_INFOPLIST_FILE = YES;
				MARKETING_VERSION = 1.0;
				PRODUCT_BUNDLE_IDENTIFIER = togastore.com.ChatBoatSwiftAIUITests;
				PRODUCT_NAME = "$(TARGET_NAME)";
				SWIFT_EMIT_LOC_STRINGS = NO;
				SWIFT_VERSION = 5.0;
				TARGETED_DEVICE_FAMILY = "1,2";
				TEST_TARGET_NAME = ChatBoatSwiftAI;
			};
			name = Release;
		};
/* End XCBuildConfiguration section */

/* Begin XCConfigurationList section */
		0486C2B2298DA85B00527770 /* Build configuration list for PBXProject "ChatBoatSwiftAI" */ = {
			isa = XCConfigurationList;
			buildConfigurations = (
				0486C2E2298DA85D00527770 /* Debug */,
				0486C2E3298DA85D00527770 /* Release */,
			);
			defaultConfigurationIsVisible = 0;
			defaultConfigurationName = Release;
		};
		0486C2E4298DA85D00527770 /* Build configuration list for PBXNativeTarget "ChatBoatSwiftAI" */ = {
			isa = XCConfigurationList;
			buildConfigurations = (
				0486C2E5298DA85D00527770 /* Debug */,
				0486C2E6298DA85D00527770 /* Release */,
			);
			defaultConfigurationIsVisible = 0;
			defaultConfigurationName = Release;
		};
		0486C2E7298DA85D00527770 /* Build configuration list for PBXNativeTarget "ChatBoatSwiftAITests" */ = {
			isa = XCConfigurationList;
			buildConfigurations = (
				0486C2E8298DA85D00527770 /* Debug */,
				0486C2E9298DA85D00527770 /* Release */,
			);
			defaultConfigurationIsVisible = 0;
			defaultConfigurationName = Release;
		};
		0486C2EA298DA85D00527770 /* Build configuration list for PBXNativeTarget "ChatBoatSwiftAIUITests" */ = {
			isa = XCConfigurationList;
			buildConfigurations = (
				0486C2EB298DA85D00527770 /* Debug */,
				0486C2EC298DA85D00527770 /* Release */,
			);
			defaultConfigurationIsVisible = 0;
			defaultConfigurationName = Release;
		};
/* End XCConfigurationList section */

/* Begin XCRemoteSwiftPackageReference section */
		0486C2ED298DA89B00527770 /* XCRemoteSwiftPackageReference "Alamofire" */ = {
			isa = XCRemoteSwiftPackageReference;
			repositoryURL = "https://github.com/Alamofire/Alamofire";
			requirement = {
				kind = upToNextMajorVersion;
				minimumVersion = 5.0.0;
			};
		};
/* End XCRemoteSwiftPackageReference section */

/* Begin XCSwiftPackageProductDependency section */
		0486C2EE298DA89B00527770 /* Alamofire */ = {
			isa = XCSwiftPackageProductDependency;
			package = 0486C2ED298DA89B00527770 /* XCRemoteSwiftPackageReference "Alamofire" */;
			productName = Alamofire;
		};
/* End XCSwiftPackageProductDependency section */

/* Begin XCVersionGroup section */
		0486C2C3298DA85C00527770 /* ChatBoatSwiftAI.xcdatamodeld */ = {
			isa = XCVersionGroup;
			children = (
				0486C2C4298DA85C00527770 /* ChatBoatSwiftAI.xcdatamodel */,
			);
			currentVersion = 0486C2C4298DA85C00527770 /* ChatBoatSwiftAI.xcdatamodel */;
			path = ChatBoatSwiftAI.xcdatamodeld;
			sourceTree = "<group>";
			versionGroupType = wrapper.xcdatamodel;
		};
/* End XCVersionGroup section */
	};
	rootObject = 0486C2AF298DA85B00527770 /* Project object */;
}
